
Microsoft Visual Studio Solution File, Format Version 12.00
# Visual Studio Version 16
VisualStudioVersion = 16.0.29519.87
MinimumVisualStudioVersion = 10.0.40219.1
Project("{FAE04EC0-301F-11D3-BF4B-00C04F79EFBC}") = "RobotNew", "RobotNew\RobotNew.csproj", "{F1C3961C-D627-442D-A0FB-081138FBE342}"
EndProject
Global
	GlobalSection(SolutionConfigurationPlatforms) = preSolution
		Debug|Any CPU = Debug|Any CPU
		Release|Any CPU = Release|Any CPU
	EndGlobalSection
	GlobalSection(ProjectConfigurationPlatforms) = postSolution
		{F1C3961C-D627-442D-A0FB-081138FBE342}.Debug|Any CPU.ActiveCfg = Debug|Any CPU
		{F1C3961C-D627-442D-A0FB-081138FBE342}.Debug|Any CPU.Build.0 = Debug|Any CPU
		{F1C3961C-D627-442D-A0FB-081138FBE342}.Release|Any CPU.ActiveCfg = Release|Any CPU
		{F1C3961C-D627-442D-A0FB-081138FBE342}.Release|Any CPU.Build.0 = Release|Any CPU
	EndGlobalSection
	GlobalSection(SolutionProperties) = preSolution
		HideSolutionNode = FALSE
	EndGlobalSection
	GlobalSection(ExtensibilityGlobals) = postSolution
		SolutionGuid = {1E47E794-7D79-4FFE-9298-A33DF810C488}
	EndGlobalSection
EndGlobal
