
Microsoft Visual Studio Solution File, Format Version 12.00
# Visual Studio Version 16
VisualStudioVersion = 16.0.29519.87
MinimumVisualStudioVersion = 10.0.40219.1
Project("{FAE04EC0-301F-11D3-BF4B-00C04F79EFBC}") = "BuySellStock", "BuySellStock\BuySellStock.csproj", "{39B22905-DA81-4D12-9272-F5A00AF56CAE}"
EndProject
Global
	GlobalSection(SolutionConfigurationPlatforms) = preSolution
		Debug|Any CPU = Debug|Any CPU
		Release|Any CPU = Release|Any CPU
	EndGlobalSection
	GlobalSection(ProjectConfigurationPlatforms) = postSolution
		{39B22905-DA81-4D12-9272-F5A00AF56CAE}.Debug|Any CPU.ActiveCfg = Debug|Any CPU
		{39B22905-DA81-4D12-9272-F5A00AF56CAE}.Debug|Any CPU.Build.0 = Debug|Any CPU
		{39B22905-DA81-4D12-9272-F5A00AF56CAE}.Release|Any CPU.ActiveCfg = Release|Any CPU
		{39B22905-DA81-4D12-9272-F5A00AF56CAE}.Release|Any CPU.Build.0 = Release|Any CPU
	EndGlobalSection
	GlobalSection(SolutionProperties) = preSolution
		HideSolutionNode = FALSE
	EndGlobalSection
	GlobalSection(ExtensibilityGlobals) = postSolution
		SolutionGuid = {3A30E108-5FB0-402A-A1A5-D55A13D710C6}
	EndGlobalSection
EndGlobal
