
Microsoft Visual Studio Solution File, Format Version 12.00
# Visual Studio Version 16
VisualStudioVersion = 16.0.29519.87
MinimumVisualStudioVersion = 10.0.40219.1
Project("{FAE04EC0-301F-11D3-BF4B-00C04F79EFBC}") = "PerfectNumber", "PerfectNumber\PerfectNumber.csproj", "{F6C47C83-1886-4F1A-8DC5-768F03F57DF0}"
EndProject
Global
	GlobalSection(SolutionConfigurationPlatforms) = preSolution
		Debug|Any CPU = Debug|Any CPU
		Release|Any CPU = Release|Any CPU
	EndGlobalSection
	GlobalSection(ProjectConfigurationPlatforms) = postSolution
		{F6C47C83-1886-4F1A-8DC5-768F03F57DF0}.Debug|Any CPU.ActiveCfg = Debug|Any CPU
		{F6C47C83-1886-4F1A-8DC5-768F03F57DF0}.Debug|Any CPU.Build.0 = Debug|Any CPU
		{F6C47C83-1886-4F1A-8DC5-768F03F57DF0}.Release|Any CPU.ActiveCfg = Release|Any CPU
		{F6C47C83-1886-4F1A-8DC5-768F03F57DF0}.Release|Any CPU.Build.0 = Release|Any CPU
	EndGlobalSection
	GlobalSection(SolutionProperties) = preSolution
		HideSolutionNode = FALSE
	EndGlobalSection
	GlobalSection(ExtensibilityGlobals) = postSolution
		SolutionGuid = {1095098F-A1E0-4A86-A956-C2F52EC8CE92}
	EndGlobalSection
EndGlobal
