
Microsoft Visual Studio Solution File, Format Version 12.00
# Visual Studio Version 16
VisualStudioVersion = 16.0.29519.87
MinimumVisualStudioVersion = 10.0.40219.1
Project("{FAE04EC0-301F-11D3-BF4B-00C04F79EFBC}") = "MeanNumber", "MeanNumber\MeanNumber.csproj", "{27D4CA01-B693-4993-B0D6-6586E4ED62CD}"
EndProject
Global
	GlobalSection(SolutionConfigurationPlatforms) = preSolution
		Debug|Any CPU = Debug|Any CPU
		Release|Any CPU = Release|Any CPU
	EndGlobalSection
	GlobalSection(ProjectConfigurationPlatforms) = postSolution
		{27D4CA01-B693-4993-B0D6-6586E4ED62CD}.Debug|Any CPU.ActiveCfg = Debug|Any CPU
		{27D4CA01-B693-4993-B0D6-6586E4ED62CD}.Debug|Any CPU.Build.0 = Debug|Any CPU
		{27D4CA01-B693-4993-B0D6-6586E4ED62CD}.Release|Any CPU.ActiveCfg = Release|Any CPU
		{27D4CA01-B693-4993-B0D6-6586E4ED62CD}.Release|Any CPU.Build.0 = Release|Any CPU
	EndGlobalSection
	GlobalSection(SolutionProperties) = preSolution
		HideSolutionNode = FALSE
	EndGlobalSection
	GlobalSection(ExtensibilityGlobals) = postSolution
		SolutionGuid = {1B9F7D5F-966D-490B-AF61-68F1F777CB64}
	EndGlobalSection
EndGlobal
