
Microsoft Visual Studio Solution File, Format Version 12.00
# Visual Studio Version 16
VisualStudioVersion = 16.0.29519.87
MinimumVisualStudioVersion = 10.0.40219.1
Project("{FAE04EC0-301F-11D3-BF4B-00C04F79EFBC}") = "TreeBuilding", "TreeBuilding\TreeBuilding.csproj", "{DBF3CCBE-7FDA-427D-B5F6-51EF9B77FB21}"
EndProject
Global
	GlobalSection(SolutionConfigurationPlatforms) = preSolution
		Debug|Any CPU = Debug|Any CPU
		Release|Any CPU = Release|Any CPU
	EndGlobalSection
	GlobalSection(ProjectConfigurationPlatforms) = postSolution
		{DBF3CCBE-7FDA-427D-B5F6-51EF9B77FB21}.Debug|Any CPU.ActiveCfg = Debug|Any CPU
		{DBF3CCBE-7FDA-427D-B5F6-51EF9B77FB21}.Debug|Any CPU.Build.0 = Debug|Any CPU
		{DBF3CCBE-7FDA-427D-B5F6-51EF9B77FB21}.Release|Any CPU.ActiveCfg = Release|Any CPU
		{DBF3CCBE-7FDA-427D-B5F6-51EF9B77FB21}.Release|Any CPU.Build.0 = Release|Any CPU
	EndGlobalSection
	GlobalSection(SolutionProperties) = preSolution
		HideSolutionNode = FALSE
	EndGlobalSection
	GlobalSection(ExtensibilityGlobals) = postSolution
		SolutionGuid = {E79AE554-72AE-4D55-8029-A30CB6D79972}
	EndGlobalSection
EndGlobal
