
Microsoft Visual Studio Solution File, Format Version 12.00
# Visual Studio Version 16
VisualStudioVersion = 16.0.29519.87
MinimumVisualStudioVersion = 10.0.40219.1
Project("{FAE04EC0-301F-11D3-BF4B-00C04F79EFBC}") = "MajorityElement", "MajorityElement\MajorityElement.csproj", "{F18AC1F7-3E61-4A37-8F7C-FA7EDBBD1AEB}"
EndProject
Global
	GlobalSection(SolutionConfigurationPlatforms) = preSolution
		Debug|Any CPU = Debug|Any CPU
		Release|Any CPU = Release|Any CPU
	EndGlobalSection
	GlobalSection(ProjectConfigurationPlatforms) = postSolution
		{F18AC1F7-3E61-4A37-8F7C-FA7EDBBD1AEB}.Debug|Any CPU.ActiveCfg = Debug|Any CPU
		{F18AC1F7-3E61-4A37-8F7C-FA7EDBBD1AEB}.Debug|Any CPU.Build.0 = Debug|Any CPU
		{F18AC1F7-3E61-4A37-8F7C-FA7EDBBD1AEB}.Release|Any CPU.ActiveCfg = Release|Any CPU
		{F18AC1F7-3E61-4A37-8F7C-FA7EDBBD1AEB}.Release|Any CPU.Build.0 = Release|Any CPU
	EndGlobalSection
	GlobalSection(SolutionProperties) = preSolution
		HideSolutionNode = FALSE
	EndGlobalSection
	GlobalSection(ExtensibilityGlobals) = postSolution
		SolutionGuid = {16F09917-3C8F-4CB8-AF13-23DCFC08F3CF}
	EndGlobalSection
EndGlobal
