
Microsoft Visual Studio Solution File, Format Version 12.00
# Visual Studio Version 16
VisualStudioVersion = 16.0.29519.87
MinimumVisualStudioVersion = 10.0.40219.1
Project("{FAE04EC0-301F-11D3-BF4B-00C04F79EFBC}") = "ReversedFunction", "ReversedFunction\ReversedFunction.csproj", "{EA8ABFEF-DE01-4494-978F-9EB8FF465ACB}"
EndProject
Global
	GlobalSection(SolutionConfigurationPlatforms) = preSolution
		Debug|Any CPU = Debug|Any CPU
		Release|Any CPU = Release|Any CPU
	EndGlobalSection
	GlobalSection(ProjectConfigurationPlatforms) = postSolution
		{EA8ABFEF-DE01-4494-978F-9EB8FF465ACB}.Debug|Any CPU.ActiveCfg = Debug|Any CPU
		{EA8ABFEF-DE01-4494-978F-9EB8FF465ACB}.Debug|Any CPU.Build.0 = Debug|Any CPU
		{EA8ABFEF-DE01-4494-978F-9EB8FF465ACB}.Release|Any CPU.ActiveCfg = Release|Any CPU
		{EA8ABFEF-DE01-4494-978F-9EB8FF465ACB}.Release|Any CPU.Build.0 = Release|Any CPU
	EndGlobalSection
	GlobalSection(SolutionProperties) = preSolution
		HideSolutionNode = FALSE
	EndGlobalSection
	GlobalSection(ExtensibilityGlobals) = postSolution
		SolutionGuid = {04D671D4-774A-466A-8B87-B6FC941FE12A}
	EndGlobalSection
EndGlobal
