
Microsoft Visual Studio Solution File, Format Version 12.00
# Visual Studio Version 16
VisualStudioVersion = 16.0.29519.87
MinimumVisualStudioVersion = 10.0.40219.1
Project("{FAE04EC0-301F-11D3-BF4B-00C04F79EFBC}") = "Protein", "Protein\Protein.csproj", "{FEF8591D-9A91-4EA9-AE1C-A211A0E305FC}"
EndProject
Global
	GlobalSection(SolutionConfigurationPlatforms) = preSolution
		Debug|Any CPU = Debug|Any CPU
		Release|Any CPU = Release|Any CPU
	EndGlobalSection
	GlobalSection(ProjectConfigurationPlatforms) = postSolution
		{FEF8591D-9A91-4EA9-AE1C-A211A0E305FC}.Debug|Any CPU.ActiveCfg = Debug|Any CPU
		{FEF8591D-9A91-4EA9-AE1C-A211A0E305FC}.Debug|Any CPU.Build.0 = Debug|Any CPU
		{FEF8591D-9A91-4EA9-AE1C-A211A0E305FC}.Release|Any CPU.ActiveCfg = Release|Any CPU
		{FEF8591D-9A91-4EA9-AE1C-A211A0E305FC}.Release|Any CPU.Build.0 = Release|Any CPU
	EndGlobalSection
	GlobalSection(SolutionProperties) = preSolution
		HideSolutionNode = FALSE
	EndGlobalSection
	GlobalSection(ExtensibilityGlobals) = postSolution
		SolutionGuid = {508F57F5-D755-49EB-AF3A-79CFE97B5ED4}
	EndGlobalSection
EndGlobal
