
Microsoft Visual Studio Solution File, Format Version 12.00
# Visual Studio Version 16
VisualStudioVersion = 16.0.29519.87
MinimumVisualStudioVersion = 10.0.40219.1
Project("{FAE04EC0-301F-11D3-BF4B-00C04F79EFBC}") = "FilterOutStringsFromArray", "FilterOutStringsFromArray\FilterOutStringsFromArray.csproj", "{D890058C-7384-4719-9B12-C36FB71418F5}"
EndProject
Global
	GlobalSection(SolutionConfigurationPlatforms) = preSolution
		Debug|Any CPU = Debug|Any CPU
		Release|Any CPU = Release|Any CPU
	EndGlobalSection
	GlobalSection(ProjectConfigurationPlatforms) = postSolution
		{D890058C-7384-4719-9B12-C36FB71418F5}.Debug|Any CPU.ActiveCfg = Debug|Any CPU
		{D890058C-7384-4719-9B12-C36FB71418F5}.Debug|Any CPU.Build.0 = Debug|Any CPU
		{D890058C-7384-4719-9B12-C36FB71418F5}.Release|Any CPU.ActiveCfg = Release|Any CPU
		{D890058C-7384-4719-9B12-C36FB71418F5}.Release|Any CPU.Build.0 = Release|Any CPU
	EndGlobalSection
	GlobalSection(SolutionProperties) = preSolution
		HideSolutionNode = FALSE
	EndGlobalSection
	GlobalSection(ExtensibilityGlobals) = postSolution
		SolutionGuid = {325CBD53-3897-48B4-B389-F9911C2430E4}
	EndGlobalSection
EndGlobal
