
Microsoft Visual Studio Solution File, Format Version 12.00
# Visual Studio Version 16
VisualStudioVersion = 16.0.29519.87
MinimumVisualStudioVersion = 10.0.40219.1
Project("{FAE04EC0-301F-11D3-BF4B-00C04F79EFBC}") = "ZeroMatrix", "ZeroMatrix\ZeroMatrix.csproj", "{22924B21-0EB9-4C6D-B016-4AAE08EC6110}"
EndProject
Global
	GlobalSection(SolutionConfigurationPlatforms) = preSolution
		Debug|Any CPU = Debug|Any CPU
		Release|Any CPU = Release|Any CPU
	EndGlobalSection
	GlobalSection(ProjectConfigurationPlatforms) = postSolution
		{22924B21-0EB9-4C6D-B016-4AAE08EC6110}.Debug|Any CPU.ActiveCfg = Debug|Any CPU
		{22924B21-0EB9-4C6D-B016-4AAE08EC6110}.Debug|Any CPU.Build.0 = Debug|Any CPU
		{22924B21-0EB9-4C6D-B016-4AAE08EC6110}.Release|Any CPU.ActiveCfg = Release|Any CPU
		{22924B21-0EB9-4C6D-B016-4AAE08EC6110}.Release|Any CPU.Build.0 = Release|Any CPU
	EndGlobalSection
	GlobalSection(SolutionProperties) = preSolution
		HideSolutionNode = FALSE
	EndGlobalSection
	GlobalSection(ExtensibilityGlobals) = postSolution
		SolutionGuid = {CA9A10B1-F948-46A3-AA88-2062641DCD12}
	EndGlobalSection
EndGlobal
