
Microsoft Visual Studio Solution File, Format Version 12.00
# Visual Studio Version 16
VisualStudioVersion = 16.0.29519.87
MinimumVisualStudioVersion = 10.0.40219.1
Project("{FAE04EC0-301F-11D3-BF4B-00C04F79EFBC}") = "Robot", "Robot\Robot.csproj", "{7BDBE222-B725-46EB-BED6-46F9E06C74E6}"
EndProject
Global
	GlobalSection(SolutionConfigurationPlatforms) = preSolution
		Debug|Any CPU = Debug|Any CPU
		Release|Any CPU = Release|Any CPU
	EndGlobalSection
	GlobalSection(ProjectConfigurationPlatforms) = postSolution
		{7BDBE222-B725-46EB-BED6-46F9E06C74E6}.Debug|Any CPU.ActiveCfg = Debug|Any CPU
		{7BDBE222-B725-46EB-BED6-46F9E06C74E6}.Debug|Any CPU.Build.0 = Debug|Any CPU
		{7BDBE222-B725-46EB-BED6-46F9E06C74E6}.Release|Any CPU.ActiveCfg = Release|Any CPU
		{7BDBE222-B725-46EB-BED6-46F9E06C74E6}.Release|Any CPU.Build.0 = Release|Any CPU
	EndGlobalSection
	GlobalSection(SolutionProperties) = preSolution
		HideSolutionNode = FALSE
	EndGlobalSection
	GlobalSection(ExtensibilityGlobals) = postSolution
		SolutionGuid = {BF6313F5-70D7-40A9-8E9E-07DCF6825654}
	EndGlobalSection
EndGlobal
