
Microsoft Visual Studio Solution File, Format Version 12.00
# Visual Studio Version 16
VisualStudioVersion = 16.0.29519.87
MinimumVisualStudioVersion = 10.0.40219.1
Project("{FAE04EC0-301F-11D3-BF4B-00C04F79EFBC}") = "OneString InOther", "OneString InOther\OneString InOther.csproj", "{DCEEF2DC-8ED7-456C-8D1B-11657B89426D}"
EndProject
Global
	GlobalSection(SolutionConfigurationPlatforms) = preSolution
		Debug|Any CPU = Debug|Any CPU
		Release|Any CPU = Release|Any CPU
	EndGlobalSection
	GlobalSection(ProjectConfigurationPlatforms) = postSolution
		{DCEEF2DC-8ED7-456C-8D1B-11657B89426D}.Debug|Any CPU.ActiveCfg = Debug|Any CPU
		{DCEEF2DC-8ED7-456C-8D1B-11657B89426D}.Debug|Any CPU.Build.0 = Debug|Any CPU
		{DCEEF2DC-8ED7-456C-8D1B-11657B89426D}.Release|Any CPU.ActiveCfg = Release|Any CPU
		{DCEEF2DC-8ED7-456C-8D1B-11657B89426D}.Release|Any CPU.Build.0 = Release|Any CPU
	EndGlobalSection
	GlobalSection(SolutionProperties) = preSolution
		HideSolutionNode = FALSE
	EndGlobalSection
	GlobalSection(ExtensibilityGlobals) = postSolution
		SolutionGuid = {45226B93-B65C-44EF-89F6-B654D1E6B03B}
	EndGlobalSection
EndGlobal
