
Microsoft Visual Studio Solution File, Format Version 12.00
# Visual Studio Version 16
VisualStudioVersion = 16.0.29519.87
MinimumVisualStudioVersion = 10.0.40219.1
Project("{FAE04EC0-301F-11D3-BF4B-00C04F79EFBC}") = "SecondZip", "SecondZip\SecondZip.csproj", "{1B3A5423-EDC1-436F-8E9C-C2F97FD50F58}"
EndProject
Global
	GlobalSection(SolutionConfigurationPlatforms) = preSolution
		Debug|Any CPU = Debug|Any CPU
		Release|Any CPU = Release|Any CPU
	EndGlobalSection
	GlobalSection(ProjectConfigurationPlatforms) = postSolution
		{1B3A5423-EDC1-436F-8E9C-C2F97FD50F58}.Debug|Any CPU.ActiveCfg = Debug|Any CPU
		{1B3A5423-EDC1-436F-8E9C-C2F97FD50F58}.Debug|Any CPU.Build.0 = Debug|Any CPU
		{1B3A5423-EDC1-436F-8E9C-C2F97FD50F58}.Release|Any CPU.ActiveCfg = Release|Any CPU
		{1B3A5423-EDC1-436F-8E9C-C2F97FD50F58}.Release|Any CPU.Build.0 = Release|Any CPU
	EndGlobalSection
	GlobalSection(SolutionProperties) = preSolution
		HideSolutionNode = FALSE
	EndGlobalSection
	GlobalSection(ExtensibilityGlobals) = postSolution
		SolutionGuid = {26D36BF4-6EB9-4E1B-AC83-61D50A406CF0}
	EndGlobalSection
EndGlobal
