
Microsoft Visual Studio Solution File, Format Version 12.00
# Visual Studio Version 16
VisualStudioVersion = 16.0.29519.87
MinimumVisualStudioVersion = 10.0.40219.1
Project("{FAE04EC0-301F-11D3-BF4B-00C04F79EFBC}") = "PowerOfThree", "PowerOfThree\PowerOfThree.csproj", "{86F48541-C3A2-4ECB-86C8-5207AB545C6E}"
EndProject
Global
	GlobalSection(SolutionConfigurationPlatforms) = preSolution
		Debug|Any CPU = Debug|Any CPU
		Release|Any CPU = Release|Any CPU
	EndGlobalSection
	GlobalSection(ProjectConfigurationPlatforms) = postSolution
		{86F48541-C3A2-4ECB-86C8-5207AB545C6E}.Debug|Any CPU.ActiveCfg = Debug|Any CPU
		{86F48541-C3A2-4ECB-86C8-5207AB545C6E}.Debug|Any CPU.Build.0 = Debug|Any CPU
		{86F48541-C3A2-4ECB-86C8-5207AB545C6E}.Release|Any CPU.ActiveCfg = Release|Any CPU
		{86F48541-C3A2-4ECB-86C8-5207AB545C6E}.Release|Any CPU.Build.0 = Release|Any CPU
	EndGlobalSection
	GlobalSection(SolutionProperties) = preSolution
		HideSolutionNode = FALSE
	EndGlobalSection
	GlobalSection(ExtensibilityGlobals) = postSolution
		SolutionGuid = {34F3D949-C049-4E73-B30F-F3956AE56A2E}
	EndGlobalSection
EndGlobal
