
Microsoft Visual Studio Solution File, Format Version 12.00
# Visual Studio Version 16
VisualStudioVersion = 16.0.29519.87
MinimumVisualStudioVersion = 10.0.40219.1
Project("{FAE04EC0-301F-11D3-BF4B-00C04F79EFBC}") = "LIbraryJson", "LIbraryJson\LIbraryJson.csproj", "{92A0CF60-7EBB-4202-BF05-FBC49EDD52A7}"
EndProject
Global
	GlobalSection(SolutionConfigurationPlatforms) = preSolution
		Debug|Any CPU = Debug|Any CPU
		Release|Any CPU = Release|Any CPU
	EndGlobalSection
	GlobalSection(ProjectConfigurationPlatforms) = postSolution
		{92A0CF60-7EBB-4202-BF05-FBC49EDD52A7}.Debug|Any CPU.ActiveCfg = Debug|Any CPU
		{92A0CF60-7EBB-4202-BF05-FBC49EDD52A7}.Debug|Any CPU.Build.0 = Debug|Any CPU
		{92A0CF60-7EBB-4202-BF05-FBC49EDD52A7}.Release|Any CPU.ActiveCfg = Release|Any CPU
		{92A0CF60-7EBB-4202-BF05-FBC49EDD52A7}.Release|Any CPU.Build.0 = Release|Any CPU
	EndGlobalSection
	GlobalSection(SolutionProperties) = preSolution
		HideSolutionNode = FALSE
	EndGlobalSection
	GlobalSection(ExtensibilityGlobals) = postSolution
		SolutionGuid = {C8CA1B65-A5A3-4BE2-9729-4D562FD4521F}
	EndGlobalSection
EndGlobal
