
Microsoft Visual Studio Solution File, Format Version 12.00
# Visual Studio Version 16
VisualStudioVersion = 16.0.29519.87
MinimumVisualStudioVersion = 10.0.40219.1
Project("{FAE04EC0-301F-11D3-BF4B-00C04F79EFBC}") = "CumulativeArraySum", "CumulativeArraySum\CumulativeArraySum.csproj", "{DD3105BF-9738-4245-8E88-6D5EC8F10CA8}"
EndProject
Global
	GlobalSection(SolutionConfigurationPlatforms) = preSolution
		Debug|Any CPU = Debug|Any CPU
		Release|Any CPU = Release|Any CPU
	EndGlobalSection
	GlobalSection(ProjectConfigurationPlatforms) = postSolution
		{DD3105BF-9738-4245-8E88-6D5EC8F10CA8}.Debug|Any CPU.ActiveCfg = Debug|Any CPU
		{DD3105BF-9738-4245-8E88-6D5EC8F10CA8}.Debug|Any CPU.Build.0 = Debug|Any CPU
		{DD3105BF-9738-4245-8E88-6D5EC8F10CA8}.Release|Any CPU.ActiveCfg = Release|Any CPU
		{DD3105BF-9738-4245-8E88-6D5EC8F10CA8}.Release|Any CPU.Build.0 = Release|Any CPU
	EndGlobalSection
	GlobalSection(SolutionProperties) = preSolution
		HideSolutionNode = FALSE
	EndGlobalSection
	GlobalSection(ExtensibilityGlobals) = postSolution
		SolutionGuid = {074205B1-459D-4379-9F9F-E90EAEFA673A}
	EndGlobalSection
EndGlobal
