
Microsoft Visual Studio Solution File, Format Version 12.00
# Visual Studio Version 16
VisualStudioVersion = 16.0.29519.87
MinimumVisualStudioVersion = 10.0.40219.1
Project("{FAE04EC0-301F-11D3-BF4B-00C04F79EFBC}") = "MaxInGroupArrays", "MaxInGroupArrays\MaxInGroupArrays.csproj", "{1416A5F7-4820-47F2-8EA4-3CE58E65D166}"
EndProject
Global
	GlobalSection(SolutionConfigurationPlatforms) = preSolution
		Debug|Any CPU = Debug|Any CPU
		Release|Any CPU = Release|Any CPU
	EndGlobalSection
	GlobalSection(ProjectConfigurationPlatforms) = postSolution
		{1416A5F7-4820-47F2-8EA4-3CE58E65D166}.Debug|Any CPU.ActiveCfg = Debug|Any CPU
		{1416A5F7-4820-47F2-8EA4-3CE58E65D166}.Debug|Any CPU.Build.0 = Debug|Any CPU
		{1416A5F7-4820-47F2-8EA4-3CE58E65D166}.Release|Any CPU.ActiveCfg = Release|Any CPU
		{1416A5F7-4820-47F2-8EA4-3CE58E65D166}.Release|Any CPU.Build.0 = Release|Any CPU
	EndGlobalSection
	GlobalSection(SolutionProperties) = preSolution
		HideSolutionNode = FALSE
	EndGlobalSection
	GlobalSection(ExtensibilityGlobals) = postSolution
		SolutionGuid = {19CC2FC3-3C17-4BA6-9C4C-90F20F28976A}
	EndGlobalSection
EndGlobal
