
Microsoft Visual Studio Solution File, Format Version 12.00
# Visual Studio Version 16
VisualStudioVersion = 16.0.29519.87
MinimumVisualStudioVersion = 10.0.40219.1
Project("{FAE04EC0-301F-11D3-BF4B-00C04F79EFBC}") = "RemoveDupsLinkedList", "RemoveDupsLinkedList\RemoveDupsLinkedList.csproj", "{224348F9-5BD0-464C-80DF-E78F63B6A68F}"
EndProject
Global
	GlobalSection(SolutionConfigurationPlatforms) = preSolution
		Debug|Any CPU = Debug|Any CPU
		Release|Any CPU = Release|Any CPU
	EndGlobalSection
	GlobalSection(ProjectConfigurationPlatforms) = postSolution
		{224348F9-5BD0-464C-80DF-E78F63B6A68F}.Debug|Any CPU.ActiveCfg = Debug|Any CPU
		{224348F9-5BD0-464C-80DF-E78F63B6A68F}.Debug|Any CPU.Build.0 = Debug|Any CPU
		{224348F9-5BD0-464C-80DF-E78F63B6A68F}.Release|Any CPU.ActiveCfg = Release|Any CPU
		{224348F9-5BD0-464C-80DF-E78F63B6A68F}.Release|Any CPU.Build.0 = Release|Any CPU
	EndGlobalSection
	GlobalSection(SolutionProperties) = preSolution
		HideSolutionNode = FALSE
	EndGlobalSection
	GlobalSection(ExtensibilityGlobals) = postSolution
		SolutionGuid = {31867EA5-3B81-4FD6-935C-2BEAA1794D81}
	EndGlobalSection
EndGlobal
