
Microsoft Visual Studio Solution File, Format Version 12.00
# Visual Studio Version 16
VisualStudioVersion = 16.0.29519.87
MinimumVisualStudioVersion = 10.0.40219.1
Project("{FAE04EC0-301F-11D3-BF4B-00C04F79EFBC}") = "Isogram", "Isogram\Isogram.csproj", "{81F7488D-BEAE-45C6-9923-AD4759691392}"
EndProject
Global
	GlobalSection(SolutionConfigurationPlatforms) = preSolution
		Debug|Any CPU = Debug|Any CPU
		Release|Any CPU = Release|Any CPU
	EndGlobalSection
	GlobalSection(ProjectConfigurationPlatforms) = postSolution
		{81F7488D-BEAE-45C6-9923-AD4759691392}.Debug|Any CPU.ActiveCfg = Debug|Any CPU
		{81F7488D-BEAE-45C6-9923-AD4759691392}.Debug|Any CPU.Build.0 = Debug|Any CPU
		{81F7488D-BEAE-45C6-9923-AD4759691392}.Release|Any CPU.ActiveCfg = Release|Any CPU
		{81F7488D-BEAE-45C6-9923-AD4759691392}.Release|Any CPU.Build.0 = Release|Any CPU
	EndGlobalSection
	GlobalSection(SolutionProperties) = preSolution
		HideSolutionNode = FALSE
	EndGlobalSection
	GlobalSection(ExtensibilityGlobals) = postSolution
		SolutionGuid = {5C9E6B68-4FBD-4B0D-A88E-6B9FB39F0FFF}
	EndGlobalSection
EndGlobal
