
Microsoft Visual Studio Solution File, Format Version 12.00
# Visual Studio Version 16
VisualStudioVersion = 16.0.29519.87
MinimumVisualStudioVersion = 10.0.40219.1
Project("{FAE04EC0-301F-11D3-BF4B-00C04F79EFBC}") = "RemoveVowelFromString", "RemoveVowelFromString\RemoveVowelFromString.csproj", "{5DABBE91-0B7E-4240-B201-B6C088762DD8}"
EndProject
Global
	GlobalSection(SolutionConfigurationPlatforms) = preSolution
		Debug|Any CPU = Debug|Any CPU
		Release|Any CPU = Release|Any CPU
	EndGlobalSection
	GlobalSection(ProjectConfigurationPlatforms) = postSolution
		{5DABBE91-0B7E-4240-B201-B6C088762DD8}.Debug|Any CPU.ActiveCfg = Debug|Any CPU
		{5DABBE91-0B7E-4240-B201-B6C088762DD8}.Debug|Any CPU.Build.0 = Debug|Any CPU
		{5DABBE91-0B7E-4240-B201-B6C088762DD8}.Release|Any CPU.ActiveCfg = Release|Any CPU
		{5DABBE91-0B7E-4240-B201-B6C088762DD8}.Release|Any CPU.Build.0 = Release|Any CPU
	EndGlobalSection
	GlobalSection(SolutionProperties) = preSolution
		HideSolutionNode = FALSE
	EndGlobalSection
	GlobalSection(ExtensibilityGlobals) = postSolution
		SolutionGuid = {4247DA56-7D3D-496A-B82C-6F17522E8079}
	EndGlobalSection
EndGlobal
