
Microsoft Visual Studio Solution File, Format Version 12.00
# Visual Studio Version 16
VisualStudioVersion = 16.0.29519.87
MinimumVisualStudioVersion = 10.0.40219.1
Project("{FAE04EC0-301F-11D3-BF4B-00C04F79EFBC}") = "PiratesTales", "PiratesTales\PiratesTales.csproj", "{8FB28FC1-D4D2-4A53-AB6A-F4C6C4B9E34E}"
EndProject
Global
	GlobalSection(SolutionConfigurationPlatforms) = preSolution
		Debug|Any CPU = Debug|Any CPU
		Release|Any CPU = Release|Any CPU
	EndGlobalSection
	GlobalSection(ProjectConfigurationPlatforms) = postSolution
		{8FB28FC1-D4D2-4A53-AB6A-F4C6C4B9E34E}.Debug|Any CPU.ActiveCfg = Debug|Any CPU
		{8FB28FC1-D4D2-4A53-AB6A-F4C6C4B9E34E}.Debug|Any CPU.Build.0 = Debug|Any CPU
		{8FB28FC1-D4D2-4A53-AB6A-F4C6C4B9E34E}.Release|Any CPU.ActiveCfg = Release|Any CPU
		{8FB28FC1-D4D2-4A53-AB6A-F4C6C4B9E34E}.Release|Any CPU.Build.0 = Release|Any CPU
	EndGlobalSection
	GlobalSection(SolutionProperties) = preSolution
		HideSolutionNode = FALSE
	EndGlobalSection
	GlobalSection(ExtensibilityGlobals) = postSolution
		SolutionGuid = {E4E03468-2C43-4608-9836-01D70EEC421F}
	EndGlobalSection
EndGlobal
