
Microsoft Visual Studio Solution File, Format Version 12.00
# Visual Studio Version 16
VisualStudioVersion = 16.0.29519.87
MinimumVisualStudioVersion = 10.0.40219.1
Project("{FAE04EC0-301F-11D3-BF4B-00C04F79EFBC}") = "PascalTriangle", "PascalTriangle\PascalTriangle.csproj", "{6587FEB4-DE19-4009-950A-5080E94527DB}"
EndProject
Global
	GlobalSection(SolutionConfigurationPlatforms) = preSolution
		Debug|Any CPU = Debug|Any CPU
		Release|Any CPU = Release|Any CPU
	EndGlobalSection
	GlobalSection(ProjectConfigurationPlatforms) = postSolution
		{6587FEB4-DE19-4009-950A-5080E94527DB}.Debug|Any CPU.ActiveCfg = Debug|Any CPU
		{6587FEB4-DE19-4009-950A-5080E94527DB}.Debug|Any CPU.Build.0 = Debug|Any CPU
		{6587FEB4-DE19-4009-950A-5080E94527DB}.Release|Any CPU.ActiveCfg = Release|Any CPU
		{6587FEB4-DE19-4009-950A-5080E94527DB}.Release|Any CPU.Build.0 = Release|Any CPU
	EndGlobalSection
	GlobalSection(SolutionProperties) = preSolution
		HideSolutionNode = FALSE
	EndGlobalSection
	GlobalSection(ExtensibilityGlobals) = postSolution
		SolutionGuid = {AC625B24-D52B-40B6-A207-D401E283BC88}
	EndGlobalSection
EndGlobal
