
Microsoft Visual Studio Solution File, Format Version 12.00
# Visual Studio Version 16
VisualStudioVersion = 16.0.29519.87
MinimumVisualStudioVersion = 10.0.40219.1
Project("{FAE04EC0-301F-11D3-BF4B-00C04F79EFBC}") = "Sieve", "Sieve\Sieve.csproj", "{6E33980A-11BE-44F5-89AE-816771EC1012}"
EndProject
Global
	GlobalSection(SolutionConfigurationPlatforms) = preSolution
		Debug|Any CPU = Debug|Any CPU
		Release|Any CPU = Release|Any CPU
	EndGlobalSection
	GlobalSection(ProjectConfigurationPlatforms) = postSolution
		{6E33980A-11BE-44F5-89AE-816771EC1012}.Debug|Any CPU.ActiveCfg = Debug|Any CPU
		{6E33980A-11BE-44F5-89AE-816771EC1012}.Debug|Any CPU.Build.0 = Debug|Any CPU
		{6E33980A-11BE-44F5-89AE-816771EC1012}.Release|Any CPU.ActiveCfg = Release|Any CPU
		{6E33980A-11BE-44F5-89AE-816771EC1012}.Release|Any CPU.Build.0 = Release|Any CPU
	EndGlobalSection
	GlobalSection(SolutionProperties) = preSolution
		HideSolutionNode = FALSE
	EndGlobalSection
	GlobalSection(ExtensibilityGlobals) = postSolution
		SolutionGuid = {8D6AD638-06DA-4B81-A6F7-A37F6CAABD25}
	EndGlobalSection
EndGlobal
