
Microsoft Visual Studio Solution File, Format Version 12.00
# Visual Studio Version 16
VisualStudioVersion = 16.0.29519.87
MinimumVisualStudioVersion = 10.0.40219.1
Project("{FAE04EC0-301F-11D3-BF4B-00C04F79EFBC}") = "MysteryString", "MysteryString\MysteryString.csproj", "{C6B0FD33-B782-4583-BC0E-40E92B22399F}"
EndProject
Global
	GlobalSection(SolutionConfigurationPlatforms) = preSolution
		Debug|Any CPU = Debug|Any CPU
		Release|Any CPU = Release|Any CPU
	EndGlobalSection
	GlobalSection(ProjectConfigurationPlatforms) = postSolution
		{C6B0FD33-B782-4583-BC0E-40E92B22399F}.Debug|Any CPU.ActiveCfg = Debug|Any CPU
		{C6B0FD33-B782-4583-BC0E-40E92B22399F}.Debug|Any CPU.Build.0 = Debug|Any CPU
		{C6B0FD33-B782-4583-BC0E-40E92B22399F}.Release|Any CPU.ActiveCfg = Release|Any CPU
		{C6B0FD33-B782-4583-BC0E-40E92B22399F}.Release|Any CPU.Build.0 = Release|Any CPU
	EndGlobalSection
	GlobalSection(SolutionProperties) = preSolution
		HideSolutionNode = FALSE
	EndGlobalSection
	GlobalSection(ExtensibilityGlobals) = postSolution
		SolutionGuid = {ECC6415B-2C4E-4DE4-8989-F8F193BC3A7C}
	EndGlobalSection
EndGlobal
