
Microsoft Visual Studio Solution File, Format Version 12.00
# Visual Studio Version 16
VisualStudioVersion = 16.0.29519.87
MinimumVisualStudioVersion = 10.0.40219.1
Project("{FAE04EC0-301F-11D3-BF4B-00C04F79EFBC}") = "PiToDecimal", "PiToDecimal\PiToDecimal.csproj", "{BA7CD680-F9BF-4DE3-A5B7-A98071AE278F}"
EndProject
Global
	GlobalSection(SolutionConfigurationPlatforms) = preSolution
		Debug|Any CPU = Debug|Any CPU
		Release|Any CPU = Release|Any CPU
	EndGlobalSection
	GlobalSection(ProjectConfigurationPlatforms) = postSolution
		{BA7CD680-F9BF-4DE3-A5B7-A98071AE278F}.Debug|Any CPU.ActiveCfg = Debug|Any CPU
		{BA7CD680-F9BF-4DE3-A5B7-A98071AE278F}.Debug|Any CPU.Build.0 = Debug|Any CPU
		{BA7CD680-F9BF-4DE3-A5B7-A98071AE278F}.Release|Any CPU.ActiveCfg = Release|Any CPU
		{BA7CD680-F9BF-4DE3-A5B7-A98071AE278F}.Release|Any CPU.Build.0 = Release|Any CPU
	EndGlobalSection
	GlobalSection(SolutionProperties) = preSolution
		HideSolutionNode = FALSE
	EndGlobalSection
	GlobalSection(ExtensibilityGlobals) = postSolution
		SolutionGuid = {9FE6EE3B-17D6-45C4-AE39-0019C75376CC}
	EndGlobalSection
EndGlobal
