
Microsoft Visual Studio Solution File, Format Version 12.00
# Visual Studio Version 16
VisualStudioVersion = 16.0.29519.87
MinimumVisualStudioVersion = 10.0.40219.1
Project("{FAE04EC0-301F-11D3-BF4B-00C04F79EFBC}") = "MoveZeroes1", "MoveZeroes1\MoveZeroes1.csproj", "{5D00FF8B-89B5-4E19-80CE-909CEFD0367E}"
EndProject
Global
	GlobalSection(SolutionConfigurationPlatforms) = preSolution
		Debug|Any CPU = Debug|Any CPU
		Release|Any CPU = Release|Any CPU
	EndGlobalSection
	GlobalSection(ProjectConfigurationPlatforms) = postSolution
		{5D00FF8B-89B5-4E19-80CE-909CEFD0367E}.Debug|Any CPU.ActiveCfg = Debug|Any CPU
		{5D00FF8B-89B5-4E19-80CE-909CEFD0367E}.Debug|Any CPU.Build.0 = Debug|Any CPU
		{5D00FF8B-89B5-4E19-80CE-909CEFD0367E}.Release|Any CPU.ActiveCfg = Release|Any CPU
		{5D00FF8B-89B5-4E19-80CE-909CEFD0367E}.Release|Any CPU.Build.0 = Release|Any CPU
	EndGlobalSection
	GlobalSection(SolutionProperties) = preSolution
		HideSolutionNode = FALSE
	EndGlobalSection
	GlobalSection(ExtensibilityGlobals) = postSolution
		SolutionGuid = {A99DBCE5-ADD7-4488-AB99-AB2CF7226917}
	EndGlobalSection
EndGlobal
