
Microsoft Visual Studio Solution File, Format Version 12.00
# Visual Studio Version 16
VisualStudioVersion = 16.0.29519.87
MinimumVisualStudioVersion = 10.0.40219.1
Project("{FAE04EC0-301F-11D3-BF4B-00C04F79EFBC}") = "ReverseOrder5letterWords", "ReverseOrder5letterWords\ReverseOrder5letterWords.csproj", "{26633846-E62D-4D7C-BDF6-23FAA9057408}"
EndProject
Global
	GlobalSection(SolutionConfigurationPlatforms) = preSolution
		Debug|Any CPU = Debug|Any CPU
		Release|Any CPU = Release|Any CPU
	EndGlobalSection
	GlobalSection(ProjectConfigurationPlatforms) = postSolution
		{26633846-E62D-4D7C-BDF6-23FAA9057408}.Debug|Any CPU.ActiveCfg = Debug|Any CPU
		{26633846-E62D-4D7C-BDF6-23FAA9057408}.Debug|Any CPU.Build.0 = Debug|Any CPU
		{26633846-E62D-4D7C-BDF6-23FAA9057408}.Release|Any CPU.ActiveCfg = Release|Any CPU
		{26633846-E62D-4D7C-BDF6-23FAA9057408}.Release|Any CPU.Build.0 = Release|Any CPU
	EndGlobalSection
	GlobalSection(SolutionProperties) = preSolution
		HideSolutionNode = FALSE
	EndGlobalSection
	GlobalSection(ExtensibilityGlobals) = postSolution
		SolutionGuid = {7FE92EA8-87DA-4C4D-B034-C7E96DCB9ED9}
	EndGlobalSection
EndGlobal
