
Microsoft Visual Studio Solution File, Format Version 12.00
# Visual Studio Version 16
VisualStudioVersion = 16.0.29519.87
MinimumVisualStudioVersion = 10.0.40219.1
Project("{FAE04EC0-301F-11D3-BF4B-00C04F79EFBC}") = "AllYourBase", "AllYourBase\AllYourBase.csproj", "{15707E24-63C7-4224-9387-42FEFE4526C8}"
EndProject
Global
	GlobalSection(SolutionConfigurationPlatforms) = preSolution
		Debug|Any CPU = Debug|Any CPU
		Release|Any CPU = Release|Any CPU
	EndGlobalSection
	GlobalSection(ProjectConfigurationPlatforms) = postSolution
		{15707E24-63C7-4224-9387-42FEFE4526C8}.Debug|Any CPU.ActiveCfg = Debug|Any CPU
		{15707E24-63C7-4224-9387-42FEFE4526C8}.Debug|Any CPU.Build.0 = Debug|Any CPU
		{15707E24-63C7-4224-9387-42FEFE4526C8}.Release|Any CPU.ActiveCfg = Release|Any CPU
		{15707E24-63C7-4224-9387-42FEFE4526C8}.Release|Any CPU.Build.0 = Release|Any CPU
	EndGlobalSection
	GlobalSection(SolutionProperties) = preSolution
		HideSolutionNode = FALSE
	EndGlobalSection
	GlobalSection(ExtensibilityGlobals) = postSolution
		SolutionGuid = {3CFE5581-6224-46C5-A5CB-E1C1602F1EC7}
	EndGlobalSection
EndGlobal
