
Microsoft Visual Studio Solution File, Format Version 12.00
# Visual Studio Version 16
VisualStudioVersion = 16.0.29519.87
MinimumVisualStudioVersion = 10.0.40219.1
Project("{FAE04EC0-301F-11D3-BF4B-00C04F79EFBC}") = "LoopDetection", "LoopDetection\LoopDetection.csproj", "{E639EE77-DFBB-4FF8-A26F-FE82F00119CD}"
EndProject
Global
	GlobalSection(SolutionConfigurationPlatforms) = preSolution
		Debug|Any CPU = Debug|Any CPU
		Release|Any CPU = Release|Any CPU
	EndGlobalSection
	GlobalSection(ProjectConfigurationPlatforms) = postSolution
		{E639EE77-DFBB-4FF8-A26F-FE82F00119CD}.Debug|Any CPU.ActiveCfg = Debug|Any CPU
		{E639EE77-DFBB-4FF8-A26F-FE82F00119CD}.Debug|Any CPU.Build.0 = Debug|Any CPU
		{E639EE77-DFBB-4FF8-A26F-FE82F00119CD}.Release|Any CPU.ActiveCfg = Release|Any CPU
		{E639EE77-DFBB-4FF8-A26F-FE82F00119CD}.Release|Any CPU.Build.0 = Release|Any CPU
	EndGlobalSection
	GlobalSection(SolutionProperties) = preSolution
		HideSolutionNode = FALSE
	EndGlobalSection
	GlobalSection(ExtensibilityGlobals) = postSolution
		SolutionGuid = {E2135CFA-181A-47FA-A898-286E00D1BC43}
	EndGlobalSection
EndGlobal
