
Microsoft Visual Studio Solution File, Format Version 12.00
# Visual Studio Version 16
VisualStudioVersion = 16.0.29519.87
MinimumVisualStudioVersion = 10.0.40219.1
Project("{FAE04EC0-301F-11D3-BF4B-00C04F79EFBC}") = "MysteryFunction", "MysteryFunction\MysteryFunction.csproj", "{2B53037D-EF81-4F5D-9610-07AF7B9BA791}"
EndProject
Global
	GlobalSection(SolutionConfigurationPlatforms) = preSolution
		Debug|Any CPU = Debug|Any CPU
		Release|Any CPU = Release|Any CPU
	EndGlobalSection
	GlobalSection(ProjectConfigurationPlatforms) = postSolution
		{2B53037D-EF81-4F5D-9610-07AF7B9BA791}.Debug|Any CPU.ActiveCfg = Debug|Any CPU
		{2B53037D-EF81-4F5D-9610-07AF7B9BA791}.Debug|Any CPU.Build.0 = Debug|Any CPU
		{2B53037D-EF81-4F5D-9610-07AF7B9BA791}.Release|Any CPU.ActiveCfg = Release|Any CPU
		{2B53037D-EF81-4F5D-9610-07AF7B9BA791}.Release|Any CPU.Build.0 = Release|Any CPU
	EndGlobalSection
	GlobalSection(SolutionProperties) = preSolution
		HideSolutionNode = FALSE
	EndGlobalSection
	GlobalSection(ExtensibilityGlobals) = postSolution
		SolutionGuid = {9ECEB11B-B0C5-44C0-850D-5E34325AC748}
	EndGlobalSection
EndGlobal
