
Microsoft Visual Studio Solution File, Format Version 12.00
# Visual Studio Version 16
VisualStudioVersion = 16.0.29519.87
MinimumVisualStudioVersion = 10.0.40219.1
Project("{FAE04EC0-301F-11D3-BF4B-00C04F79EFBC}") = "GetTheCentury", "GetTheCentury\GetTheCentury.csproj", "{7416CC5D-AF50-496F-AFBC-F33B2B6ED76D}"
EndProject
Global
	GlobalSection(SolutionConfigurationPlatforms) = preSolution
		Debug|Any CPU = Debug|Any CPU
		Release|Any CPU = Release|Any CPU
	EndGlobalSection
	GlobalSection(ProjectConfigurationPlatforms) = postSolution
		{7416CC5D-AF50-496F-AFBC-F33B2B6ED76D}.Debug|Any CPU.ActiveCfg = Debug|Any CPU
		{7416CC5D-AF50-496F-AFBC-F33B2B6ED76D}.Debug|Any CPU.Build.0 = Debug|Any CPU
		{7416CC5D-AF50-496F-AFBC-F33B2B6ED76D}.Release|Any CPU.ActiveCfg = Release|Any CPU
		{7416CC5D-AF50-496F-AFBC-F33B2B6ED76D}.Release|Any CPU.Build.0 = Release|Any CPU
	EndGlobalSection
	GlobalSection(SolutionProperties) = preSolution
		HideSolutionNode = FALSE
	EndGlobalSection
	GlobalSection(ExtensibilityGlobals) = postSolution
		SolutionGuid = {244BA7F2-8C2D-4D00-BD40-1C6ED4766A63}
	EndGlobalSection
EndGlobal
