
Microsoft Visual Studio Solution File, Format Version 12.00
# Visual Studio Version 16
VisualStudioVersion = 16.0.29519.87
MinimumVisualStudioVersion = 10.0.40219.1
Project("{FAE04EC0-301F-11D3-BF4B-00C04F79EFBC}") = "MiddleCharachters", "MiddleCharachters\MiddleCharachters.csproj", "{83FEC014-3FE5-42F0-9350-72C85913143B}"
EndProject
Global
	GlobalSection(SolutionConfigurationPlatforms) = preSolution
		Debug|Any CPU = Debug|Any CPU
		Release|Any CPU = Release|Any CPU
	EndGlobalSection
	GlobalSection(ProjectConfigurationPlatforms) = postSolution
		{83FEC014-3FE5-42F0-9350-72C85913143B}.Debug|Any CPU.ActiveCfg = Debug|Any CPU
		{83FEC014-3FE5-42F0-9350-72C85913143B}.Debug|Any CPU.Build.0 = Debug|Any CPU
		{83FEC014-3FE5-42F0-9350-72C85913143B}.Release|Any CPU.ActiveCfg = Release|Any CPU
		{83FEC014-3FE5-42F0-9350-72C85913143B}.Release|Any CPU.Build.0 = Release|Any CPU
	EndGlobalSection
	GlobalSection(SolutionProperties) = preSolution
		HideSolutionNode = FALSE
	EndGlobalSection
	GlobalSection(ExtensibilityGlobals) = postSolution
		SolutionGuid = {1E9F00DE-E68B-435D-AF8D-91F85924CECA}
	EndGlobalSection
EndGlobal
